// !$*UTF8*$!
{
	archiveVersion = 1;
	classes = {
	};
	objectVersion = 46;
	objects = {

/* Begin PBXBuildFile section */
		2B01CBA81D9D85FA00F95231 /* LargestNumber.m in Sources */ = {isa = PBXBuildFile; fileRef = 2B01CBA71D9D85FA00F95231 /* LargestNumber.m */; };
		2B66F8841D9AE25C0065B7E8 /* main.m in Sources */ = {isa = PBXBuildFile; fileRef = 2B66F8831D9AE25C0065B7E8 /* main.m */; };
/* End PBXBuildFile section */

/* Begin PBXCopyFilesBuildPhase section */
		2B66F87E1D9AE25C0065B7E8 /* CopyFiles */ = {
			isa = PBXCopyFilesBuildPhase;
			buildActionMask = 2147483647;
			dstPath = /usr/share/man/man1/;
			dstSubfolderSpec = 0;
			files = (
			);
			runOnlyForDeploymentPostprocessing = 1;
		};
/* End PBXCopyFilesBuildPhase section */

/* Begin PBXFileReference section */
		2B01CBA61D9D85FA00F95231 /* LargestNumber.h */ = {isa = PBXFileReference; fileEncoding = 4; lastKnownFileType = sourcecode.c.h; path = LargestNumber.h; sourceTree = "<group>"; };
		2B01CBA71D9D85FA00F95231 /* LargestNumber.m */ = {isa = PBXFileReference; fileEncoding = 4; lastKnownFileType = sourcecode.c.objc; path = LargestNumber.m; sourceTree = "<group>"; };
		2B66F8801D9AE25C0065B7E8 /* Objective-CAssignment2 */ = {isa = PBXFileReference; explicitFileType = "compiled.mach-o.executable"; includeInIndex = 0; path = "Objective-CAssignment2"; sourceTree = BUILT_PRODUCTS_DIR; };
		2B66F8831D9AE25C0065B7E8 /* main.m */ = {isa = PBXFileReference; lastKnownFileType = sourcecode.c.objc; path = main.m; sourceTree = "<group>"; };
/* End PBXFileReference section */

/* Begin PBXFrameworksBuildPhase section */
		2B66F87D1D9AE25C0065B7E8 /* Frameworks */ = {
			isa = PBXFrameworksBuildPhase;
			buildActionMask = 2147483647;
			files = (
			);
			runOnlyForDeploymentPostprocessing = 0;
		};
/* End PBXFrameworksBuildPhase section */

/* Begin PBXGroup section */
		2B66F8771D9AE25C0065B7E8 = {
			isa = PBXGroup;
			children = (
				2B66F8821D9AE25C0065B7E8 /* Objective-CAssignment2 */,
				2B66F8811D9AE25C0065B7E8 /* Products */,
			);
			sourceTree = "<group>";
		};
		2B66F8811D9AE25C0065B7E8 /* Products */ = {
			isa = PBXGroup;
			children = (
				2B66F8801D9AE25C0065B7E8 /* Objective-CAssignment2 */,
			);
			name = Products;
			sourceTree = "<group>";
		};
		2B66F8821D9AE25C0065B7E8 /* Objective-CAssignment2 */ = {
			isa = PBXGroup;
			children = (
				2B66F8831D9AE25C0065B7E8 /* main.m */,
				2B01CBA71D9D85FA00F95231 /* LargestNumber.m */,
				2B01CBA61D9D85FA00F95231 /* LargestNumber.h */,
			);
			path = "Objective-CAssignment2";
			sourceTree = "<group>";
		};
/* End PBXGroup section */

/* Begin PBXNativeTarget section */
		2B66F87F1D9AE25C0065B7E8 /* Objective-CAssignment2 */ = {
			isa = PBXNativeTarget;
			buildConfigurationList = 2B66F8871D9AE25C0065B7E8 /* Build configuration list for PBXNativeTarget "Objective-CAssignment2" */;
			buildPhases = (
				2B66F87C1D9AE25C0065B7E8 /* Sources */,
				2B66F87D1D9AE25C0065B7E8 /* Frameworks */,
				2B66F87E1D9AE25C0065B7E8 /* CopyFiles */,
			);
			buildRules = (
			);
			dependencies = (
			);
			name = "Objective-CAssignment2";
			productName = "Objective-CAssignment2";
			productReference = 2B66F8801D9AE25C0065B7E8 /* Objective-CAssignment2 */;
			productType = "com.apple.product-type.tool";
		};
/* End PBXNativeTarget section */

/* Begin PBXProject section */
		2B66F8781D9AE25C0065B7E8 /* Project object */ = {
			isa = PBXProject;
			attributes = {
				LastUpgradeCheck = 0730;
				ORGANIZATIONNAME = "Victor Hong";
				TargetAttributes = {
					2B66F87F1D9AE25C0065B7E8 = {
						CreatedOnToolsVersion = 7.3.1;
					};
				};
			};
			buildConfigurationList = 2B66F87B1D9AE25C0065B7E8 /* Build configuration list for PBXProject "Objective-CAssignment2" */;
			compatibilityVersion = "Xcode 3.2";
			developmentRegion = English;
			hasScannedForEncodings = 0;
			knownRegions = (
				en,
			);
			mainGroup = 2B66F8771D9AE25C0065B7E8;
			productRefGroup = 2B66F8811D9AE25C0065B7E8 /* Products */;
			projectDirPath = "";
			projectRoot = "";
			targets = (
				2B66F87F1D9AE25C0065B7E8 /* Objective-CAssignment2 */,
			);
		};
/* End PBXProject section */

/* Begin PBXSourcesBuildPhase section */
		2B66F87C1D9AE25C0065B7E8 /* Sources */ = {
			isa = PBXSourcesBuildPhase;
			buildActionMask = 2147483647;
			files = (
				2B66F8841D9AE25C0065B7E8 /* main.m in Sources */,
				2B01CBA81D9D85FA00F95231 /* LargestNumber.m in Sources */,
			);
			runOnlyForDeploymentPostprocessing = 0;
		};
/* End PBXSourcesBuildPhase section */

/* Begin XCBuildConfiguration section */
		2B66F8851D9AE25C0065B7E8 /* Debug */ = {
			isa = XCBuildConfiguration;
			buildSettings = {
				ALWAYS_SEARCH_USER_PATHS = NO;
				CLANG_ANALYZER_NONNULL = YES;
				CLANG_CXX_LANGUAGE_STANDARD = "gnu++0x";
				CLANG_CXX_LIBRARY = "libc++";
				CLANG_ENABLE_MODULES = YES;
				CLANG_ENABLE_OBJC_ARC = YES;
				CLANG_WARN_BOOL_CONVERSION = YES;
				CLANG_WARN_CONSTANT_CONVERSION = YES;
				CLANG_WARN_DIRECT_OBJC_ISA_USAGE = YES_ERROR;
				CLANG_WARN_EMPTY_BODY = YES;
				CLANG_WARN_ENUM_CONVERSION = YES;
				CLANG_WARN_INT_CONVERSION = YES;
				CLANG_WARN_OBJC_ROOT_CLASS = YES_ERROR;
				CLANG_WARN_UNREACHABLE_CODE = YES;
				CLANG_WARN__DUPLICATE_METHOD_MATCH = YES;
				CODE_SIGN_IDENTITY = "-";
				COPY_PHASE_STRIP = NO;
				DEBUG_INFORMATION_FORMAT = dwarf;
				ENABLE_STRICT_OBJC_MSGSEND = YES;
				ENABLE_TESTABILITY = YES;
				GCC_C_LANGUAGE_STANDARD = gnu99;
				GCC_DYNAMIC_NO_PIC = NO;
				GCC_NO_COMMON_BLOCKS = YES;
				GCC_OPTIMIZATION_LEVEL = 0;
				GCC_PREPROCESSOR_DEFINITIONS = (
					"DEBUG=1",
					"$(inherited)",
				);
				GCC_WARN_64_TO_32_BIT_CONVERSION = YES;
				GCC_WARN_ABOUT_RETURN_TYPE = YES_ERROR;
				GCC_WARN_UNDECLARED_SELECTOR = YES;
				GCC_WARN_UNINITIALIZED_AUTOS = YES_AGGRESSIVE;
				GCC_WARN_UNUSED_FUNCTION = YES;
				GCC_WARN_UNUSED_VARIABLE = YES;
				MACOSX_DEPLOYMENT_TARGET = 10.11;
				MTL_ENABLE_DEBUG_INFO = YES;
				ONLY_ACTIVE_ARCH = YES;
				SDKROOT = macosx;
			};
			name = Debug;
		};
		2B66F8861D9AE25C0065B7E8 /* Release */ = {
			isa = XCBuildConfiguration;
			buildSettings = {
				ALWAYS_SEARCH_USER_PATHS = NO;
				CLANG_ANALYZER_NONNULL = YES;
				CLANG_CXX_LANGUAGE_STANDARD = "gnu++0x";
				CLANG_CXX_LIBRARY = "libc++";
				CLANG_ENABLE_MODULES = YES;
				CLANG_ENABLE_OBJC_ARC = YES;
				CLANG_WARN_BOOL_CONVERSION = YES;
				CLANG_WARN_CONSTANT_CONVERSION = YES;
				CLANG_WARN_DIRECT_OBJC_ISA_USAGE = YES_ERROR;
				CLANG_WARN_EMPTY_BODY = YES;
				CLANG_WARN_ENUM_CONVERSION = YES;
				CLANG_WARN_INT_CONVERSION = YES;
				CLANG_WARN_OBJC_ROOT_CLASS = YES_ERROR;
				CLANG_WARN_UNREACHABLE_CODE = YES;
				CLANG_WARN__DUPLICATE_METHOD_MATCH = YES;
				CODE_SIGN_IDENTITY = "-";
				COPY_PHASE_STRIP = NO;
				DEBUG_INFORMATION_FORMAT = "dwarf-with-dsym";
				ENABLE_NS_ASSERTIONS = NO;
				ENABLE_STRICT_OBJC_MSGSEND = YES;
				GCC_C_LANGUAGE_STANDARD = gnu99;
				GCC_NO_COMMON_BLOCKS = YES;
				GCC_WARN_64_TO_32_BIT_CONVERSION = YES;
				GCC_WARN_ABOUT_RETURN_TYPE = YES_ERROR;
				GCC_WARN_UNDECLARED_SELECTOR = YES;
				GCC_WARN_UNINITIALIZED_AUTOS = YES_AGGRESSIVE;
				GCC_WARN_UNUSED_FUNCTION = YES;
				GCC_WARN_UNUSED_VARIABLE = YES;
				MACOSX_DEPLOYMENT_TARGET = 10.11;
				MTL_ENABLE_DEBUG_INFO = NO;
				SDKROOT = macosx;
			};
			name = Release;
		};
		2B66F8881D9AE25C0065B7E8 /* Debug */ = {
			isa = XCBuildConfiguration;
			buildSettings = {
				MTL_ENABLE_DEBUG_INFO = YES;
				PRODUCT_NAME = "$(TARGET_NAME)";
			};
			name = Debug;
		};
		2B66F8891D9AE25C0065B7E8 /* Release */ = {
			isa = XCBuildConfiguration;
			buildSettings = {
				PRODUCT_NAME = "$(TARGET_NAME)";
			};
			name = Release;
		};
/* End XCBuildConfiguration section */

/* Begin XCConfigurationList section */
		2B66F87B1D9AE25C0065B7E8 /* Build configuration list for PBXProject "Objective-CAssignment2" */ = {
			isa = XCConfigurationList;
			buildConfigurations = (
				2B66F8851D9AE25C0065B7E8 /* Debug */,
				2B66F8861D9AE25C0065B7E8 /* Release */,
			);
			defaultConfigurationIsVisible = 0;
			defaultConfigurationName = Release;
		};
		2B66F8871D9AE25C0065B7E8 /* Build configuration list for PBXNativeTarget "Objective-CAssignment2" */ = {
			isa = XCConfigurationList;
			buildConfigurations = (
				2B66F8881D9AE25C0065B7E8 /* Debug */,
				2B66F8891D9AE25C0065B7E8 /* Release */,
			);
			defaultConfigurationIsVisible = 0;
			defaultConfigurationName = Release;
		};
/* End XCConfigurationList section */
	};
	rootObject = 2B66F8781D9AE25C0065B7E8 /* Project object */;
}
